
Microsoft Visual Studio Solution File, Format Version 12.00
# Visual Studio Version 17
VisualStudioVersion = 17.9.34622.214
MinimumVisualStudioVersion = 10.0.40219.1
Project("{FAE04EC0-301F-11D3-BF4B-00C04F79EFBC}") = "1", "1\1.csproj", "{DFD304B5-01CC-48E3-B285-A6D4013EC031}"
EndProject
Project("{FAE04EC0-301F-11D3-BF4B-00C04F79EFBC}") = "2", "2\2.csproj", "{62A8FE28-6A83-4449-8B3B-7EFA2ECE0BDE}"
EndProject
Project("{FAE04EC0-301F-11D3-BF4B-00C04F79EFBC}") = "3", "3\3.csproj", "{B84AC492-CCC2-43CE-AD57-569F4A647EC1}"
EndProject
Global
	GlobalSection(SolutionConfigurationPlatforms) = preSolution
		Debug|Any CPU = Debug|Any CPU
		Release|Any CPU = Release|Any CPU
	EndGlobalSection
	GlobalSection(ProjectConfigurationPlatforms) = postSolution
		{DFD304B5-01CC-48E3-B285-A6D4013EC031}.Debug|Any CPU.ActiveCfg = Debug|Any CPU
		{DFD304B5-01CC-48E3-B285-A6D4013EC031}.Debug|Any CPU.Build.0 = Debug|Any CPU
		{DFD304B5-01CC-48E3-B285-A6D4013EC031}.Release|Any CPU.ActiveCfg = Release|Any CPU
		{DFD304B5-01CC-48E3-B285-A6D4013EC031}.Release|Any CPU.Build.0 = Release|Any CPU
		{62A8FE28-6A83-4449-8B3B-7EFA2ECE0BDE}.Debug|Any CPU.ActiveCfg = Debug|Any CPU
		{62A8FE28-6A83-4449-8B3B-7EFA2ECE0BDE}.Debug|Any CPU.Build.0 = Debug|Any CPU
		{62A8FE28-6A83-4449-8B3B-7EFA2ECE0BDE}.Release|Any CPU.ActiveCfg = Release|Any CPU
		{62A8FE28-6A83-4449-8B3B-7EFA2ECE0BDE}.Release|Any CPU.Build.0 = Release|Any CPU
		{B84AC492-CCC2-43CE-AD57-569F4A647EC1}.Debug|Any CPU.ActiveCfg = Debug|Any CPU
		{B84AC492-CCC2-43CE-AD57-569F4A647EC1}.Debug|Any CPU.Build.0 = Debug|Any CPU
		{B84AC492-CCC2-43CE-AD57-569F4A647EC1}.Release|Any CPU.ActiveCfg = Release|Any CPU
		{B84AC492-CCC2-43CE-AD57-569F4A647EC1}.Release|Any CPU.Build.0 = Release|Any CPU
	EndGlobalSection
	GlobalSection(SolutionProperties) = preSolution
		HideSolutionNode = FALSE
	EndGlobalSection
	GlobalSection(ExtensibilityGlobals) = postSolution
		SolutionGuid = {1183DC99-67B3-4EEC-8453-F706A297D2E1}
	EndGlobalSection
EndGlobal
